{
  "requires": true,
  "lockfileVersion": 1,
  "dependencies": {
    "jose-jwe-jws": {
      "version": "0.2.1",
      "resolved": "https://registry.npmjs.org/jose-jwe-jws/-/jose-jwe-jws-0.2.1.tgz",
      "integrity": "sha512-8typwW9Bpdys6pqF7A6i9Zki66FIKrgDJk35YoZ/MWG5WPUXNkKzrIFVCCWHjbH0Wg6Sa8qwcbKu1NDTSSqV1g=="
    },
    "jsrsasign": {
      "version": "8.0.12",
      "resolved": "https://registry.npmjs.org/jsrsasign/-/jsrsasign-8.0.12.tgz",
      "integrity": "sha1-Iqu5ZW00owuVMENnIINeicLlwxY="
    }
  }
}
